
Microsoft Visual Studio Solution File, Format Version 11.00
# Visual Studio 2010
Project("{FAE04EC0-301F-11D3-BF4B-00C04F79EFBC}") = "CTRL + ALT + RIGHT + DELETE", "Assembly-CSharp.csproj", "{887643B6-C89F-6A9E-80C3-1D97E3C03087}"
EndProject
Global
	GlobalSection(SolutionConfigurationPlatforms) = preSolution
		Debug|Any CPU = Debug|Any CPU
		Release|Any CPU = Release|Any CPU
	EndGlobalSection
	GlobalSection(ProjectConfigurationPlatforms) = postSolution
		{887643B6-C89F-6A9E-80C3-1D97E3C03087}.Debug|Any CPU.ActiveCfg = Debug|Any CPU
		{887643B6-C89F-6A9E-80C3-1D97E3C03087}.Debug|Any CPU.Build.0 = Debug|Any CPU
		{887643B6-C89F-6A9E-80C3-1D97E3C03087}.Release|Any CPU.ActiveCfg = Release|Any CPU
		{887643B6-C89F-6A9E-80C3-1D97E3C03087}.Release|Any CPU.Build.0 = Release|Any CPU
	EndGlobalSection
	GlobalSection(SolutionProperties) = preSolution
		HideSolutionNode = FALSE
	EndGlobalSection
	GlobalSection(MonoDevelopProperties) = preSolution
		StartupItem = Assembly-CSharp.csproj
	EndGlobalSection
EndGlobal
